
Microsoft Visual Studio Solution File, Format Version 12.00
# Visual Studio Version 17
VisualStudioVersion = 17.2.32616.157
MinimumVisualStudioVersion = 10.0.40219.1
Project("{FAE04EC0-301F-11D3-BF4B-00C04F79EFBC}") = "WindowsFormsApp_OTOGALERİ", "WindowsFormsApp_OTOGALERİ\WindowsFormsApp_OTOGALERİ.csproj", "{B57489D5-208B-4BAE-B2EC-2D8A1A5FD57C}"
EndProject
Global
	GlobalSection(SolutionConfigurationPlatforms) = preSolution
		Debug|Any CPU = Debug|Any CPU
		Release|Any CPU = Release|Any CPU
	EndGlobalSection
	GlobalSection(ProjectConfigurationPlatforms) = postSolution
		{B57489D5-208B-4BAE-B2EC-2D8A1A5FD57C}.Debug|Any CPU.ActiveCfg = Debug|Any CPU
		{B57489D5-208B-4BAE-B2EC-2D8A1A5FD57C}.Debug|Any CPU.Build.0 = Debug|Any CPU
		{B57489D5-208B-4BAE-B2EC-2D8A1A5FD57C}.Release|Any CPU.ActiveCfg = Release|Any CPU
		{B57489D5-208B-4BAE-B2EC-2D8A1A5FD57C}.Release|Any CPU.Build.0 = Release|Any CPU
	EndGlobalSection
	GlobalSection(SolutionProperties) = preSolution
		HideSolutionNode = FALSE
	EndGlobalSection
	GlobalSection(ExtensibilityGlobals) = postSolution
		SolutionGuid = {405B7F3A-C28B-4CBC-817B-F4E99ECA6E4C}
	EndGlobalSection
EndGlobal
